Microsoft Visual Studio Solution File, Format Version 12.00
# Visual Studio 14
VisualStudioVersion = 14.0.23107.0
MinimumVisualStudioVersion = 10.0.40219.1
Project("{FAE04EC0-301F-11D3-BF4B-00C04F79EFBC}") = "WindowsAppStudio.W10", "WindowsAppStudio.W10\WindowsAppStudio.W10.csproj", "{C157DE59-490E-4C8A-80FF-B2161B3CB2AE}"
EndProject
Project("{2150E333-8FDC-42A3-9474-1A3956D46DE8}") = ".nuget", ".nuget", "{9DD9ED4F-061B-4965-9892-DBF67AF7FE48}"
	ProjectSection(SolutionItems) = preProject
		.nuget\NuGet.config = .nuget\NuGet.config
	EndProjectSection
EndProject

Global
	GlobalSection(SolutionConfigurationPlatforms) = preSolution
		Debug|ARM = Debug|ARM
		Debug|x64 = Debug|x64
		Debug|x86 = Debug|x86
		Release|ARM = Release|ARM
		Release|x64 = Release|x64
		Release|x86 = Release|x86
	EndGlobalSection
	GlobalSection(ProjectConfigurationPlatforms) = postSolution
		{C157DE59-490E-4C8A-80FF-B2161B3CB2AE}.Debug|ARM.ActiveCfg = Debug|ARM
		{C157DE59-490E-4C8A-80FF-B2161B3CB2AE}.Debug|ARM.Build.0 = Debug|ARM
		{C157DE59-490E-4C8A-80FF-B2161B3CB2AE}.Debug|ARM.Deploy.0 = Debug|ARM
		{C157DE59-490E-4C8A-80FF-B2161B3CB2AE}.Debug|x64.ActiveCfg = Debug|x64
		{C157DE59-490E-4C8A-80FF-B2161B3CB2AE}.Debug|x64.Build.0 = Debug|x64
		{C157DE59-490E-4C8A-80FF-B2161B3CB2AE}.Debug|x64.Deploy.0 = Debug|x64
		{C157DE59-490E-4C8A-80FF-B2161B3CB2AE}.Debug|x86.ActiveCfg = Debug|x86
		{C157DE59-490E-4C8A-80FF-B2161B3CB2AE}.Debug|x86.Build.0 = Debug|x86
		{C157DE59-490E-4C8A-80FF-B2161B3CB2AE}.Debug|x86.Deploy.0 = Debug|x86
		{C157DE59-490E-4C8A-80FF-B2161B3CB2AE}.Release|ARM.ActiveCfg = Release|ARM
		{C157DE59-490E-4C8A-80FF-B2161B3CB2AE}.Release|ARM.Build.0 = Release|ARM
		{C157DE59-490E-4C8A-80FF-B2161B3CB2AE}.Release|ARM.Deploy.0 = Release|ARM
		{C157DE59-490E-4C8A-80FF-B2161B3CB2AE}.Release|x64.ActiveCfg = Release|x64
		{C157DE59-490E-4C8A-80FF-B2161B3CB2AE}.Release|x64.Build.0 = Release|x64
		{C157DE59-490E-4C8A-80FF-B2161B3CB2AE}.Release|x64.Deploy.0 = Release|x64
		{C157DE59-490E-4C8A-80FF-B2161B3CB2AE}.Release|x86.ActiveCfg = Release|x86
		{C157DE59-490E-4C8A-80FF-B2161B3CB2AE}.Release|x86.Build.0 = Release|x86
		{C157DE59-490E-4C8A-80FF-B2161B3CB2AE}.Release|x86.Deploy.0 = Release|x86
	EndGlobalSection
	GlobalSection(SolutionProperties) = preSolution
		HideSolutionNode = FALSE
	EndGlobalSection
	GlobalSection(NestedProjects) = preSolution
	EndGlobalSection

EndGlobal
